
Microsoft Visual Studio Solution File, Format Version 12.00
# Visual Studio 15
VisualStudioVersion = 15.0.26430.6
MinimumVisualStudioVersion = 10.0.40219.1
Project("{FAE04EC0-301F-11D3-BF4B-00C04F79EFBC}") = "00-判斷年月日", "00-判斷年月日\00-判斷年月日.csproj", "{688C93F1-78FB-4EC3-B903-3BCB9D3BAB84}"
EndProject
Project("{FAE04EC0-301F-11D3-BF4B-00C04F79EFBC}") = "01-While練習", "01-While練習\01-While練習.csproj", "{A410A4F0-060A-4334-8EC8-0F3E4090FC72}"
EndProject
Project("{FAE04EC0-301F-11D3-BF4B-00C04F79EFBC}") = "02-水仙花數", "02-水仙花數\02-水仙花數.csproj", "{006AE32F-C1E7-4132-A749-76C389799F5C}"
EndProject
Project("{FAE04EC0-301F-11D3-BF4B-00C04F79EFBC}") = "03-九九乘法", "03-九九乘法\03-九九乘法.csproj", "{961A20DE-2DCA-400C-A1FA-96A0383FCEDE}"
EndProject
Project("{FAE04EC0-301F-11D3-BF4B-00C04F79EFBC}") = "04-TryParse轉型", "04-TryParse轉型\04-TryParse轉型.csproj", "{E3CFB3B7-6643-4BE8-85E7-9D38563DE092}"
EndProject
Project("{FAE04EC0-301F-11D3-BF4B-00C04F79EFBC}") = "05-質數判斷", "05-質數判斷\05-質數判斷.csproj", "{6DB1C72C-3B04-427D-99F0-20CF10A3CE1B}"
EndProject
Project("{FAE04EC0-301F-11D3-BF4B-00C04F79EFBC}") = "06-樂透", "06-樂透\06-樂透.csproj", "{5E42A422-9D5E-49C2-8794-EC2FCB17360D}"
EndProject
Project("{FAE04EC0-301F-11D3-BF4B-00C04F79EFBC}") = "07-無法改變的常數", "07-無法改變的常數\07-無法改變的常數.csproj", "{D7E3870C-D8B1-4B06-8F0D-F827513A2CDD}"
EndProject
Project("{FAE04EC0-301F-11D3-BF4B-00C04F79EFBC}") = "08-LOL牌位Enum", "08-LOL牌位Enum\08-LOL牌位Enum.csproj", "{E744D603-651F-4217-9F6D-9DF35F3CB135}"
EndProject
Project("{FAE04EC0-301F-11D3-BF4B-00C04F79EFBC}") = "09-結構體Struct", "09-結構體Struct\09-結構體Struct.csproj", "{0BFFF0A6-07D1-4F1D-8F92-3A8EC9B632BA}"
EndProject
Project("{FAE04EC0-301F-11D3-BF4B-00C04F79EFBC}") = "10-另一種陣列初始化", "10-另一種陣列初始化\10-另一種陣列初始化.csproj", "{4B422CB1-5D03-42EE-BFA3-1D95500696AC}"
EndProject
Project("{FAE04EC0-301F-11D3-BF4B-00C04F79EFBC}") = "11-陣列操作", "11-陣列操作\11-陣列操作.csproj", "{23B36036-97F5-4BED-83F2-71DC896CEADD}"
EndProject
Project("{FAE04EC0-301F-11D3-BF4B-00C04F79EFBC}") = "12-氣泡排序法", "12-氣泡排序法\12-氣泡排序法.csproj", "{9DA3393E-600E-4E83-BD8E-7AF4F3E39166}"
EndProject
Project("{FAE04EC0-301F-11D3-BF4B-00C04F79EFBC}") = "13-方法使用及文檔註釋", "13-方法使用及文檔註釋\13-方法使用及文檔註釋.csproj", "{B2E71DAB-A295-43AB-A8D8-0185E8FE7D46}"
EndProject
Project("{FAE04EC0-301F-11D3-BF4B-00C04F79EFBC}") = "14-out參數實作登入提示", "14-out參數實作登入提示\14-out參數實作登入提示.csproj", "{77217158-B3F0-4CB5-95E4-7FD06C30A844}"
EndProject
Project("{FAE04EC0-301F-11D3-BF4B-00C04F79EFBC}") = "15-ref參數實作兩數換位", "15-ref參數實作兩數換位\15-ref參數實作兩數換位.csproj", "{61CBBA55-FF94-463F-9073-A4B6C6E400B8}"
EndProject
Project("{FAE04EC0-301F-11D3-BF4B-00C04F79EFBC}") = "16-函數重載FunctionOverloading", "16-函數重載FunctionOverloading\16-函數重載FunctionOverloading.csproj", "{8B1ACF5A-1131-478C-B03F-3850CB4FC075}"
EndProject
Project("{FAE04EC0-301F-11D3-BF4B-00C04F79EFBC}") = "17-params將數目不定的參數傳送至方法", "17-params將數目不定的參數傳送至方法\17-params將數目不定的參數傳送至方法.csproj", "{BAF0B55C-7D70-46EC-AEAE-C912D300BAD1}"
EndProject
Project("{FAE04EC0-301F-11D3-BF4B-00C04F79EFBC}") = "18-遞迴實作FibonacciNumber", "18-遞迴實作FibonacciNumber\18-遞迴實作FibonacciNumber.csproj", "{D32949E6-B4BE-499C-98DF-95F0032106FD}"
EndProject
Global
	GlobalSection(SolutionConfigurationPlatforms) = preSolution
		Debug|Any CPU = Debug|Any CPU
		Release|Any CPU = Release|Any CPU
	EndGlobalSection
	GlobalSection(ProjectConfigurationPlatforms) = postSolution
		{688C93F1-78FB-4EC3-B903-3BCB9D3BAB84}.Debug|Any CPU.ActiveCfg = Debug|Any CPU
		{688C93F1-78FB-4EC3-B903-3BCB9D3BAB84}.Debug|Any CPU.Build.0 = Debug|Any CPU
		{688C93F1-78FB-4EC3-B903-3BCB9D3BAB84}.Release|Any CPU.ActiveCfg = Release|Any CPU
		{688C93F1-78FB-4EC3-B903-3BCB9D3BAB84}.Release|Any CPU.Build.0 = Release|Any CPU
		{A410A4F0-060A-4334-8EC8-0F3E4090FC72}.Debug|Any CPU.ActiveCfg = Debug|Any CPU
		{A410A4F0-060A-4334-8EC8-0F3E4090FC72}.Debug|Any CPU.Build.0 = Debug|Any CPU
		{A410A4F0-060A-4334-8EC8-0F3E4090FC72}.Release|Any CPU.ActiveCfg = Release|Any CPU
		{A410A4F0-060A-4334-8EC8-0F3E4090FC72}.Release|Any CPU.Build.0 = Release|Any CPU
		{006AE32F-C1E7-4132-A749-76C389799F5C}.Debug|Any CPU.ActiveCfg = Debug|Any CPU
		{006AE32F-C1E7-4132-A749-76C389799F5C}.Debug|Any CPU.Build.0 = Debug|Any CPU
		{006AE32F-C1E7-4132-A749-76C389799F5C}.Release|Any CPU.ActiveCfg = Release|Any CPU
		{006AE32F-C1E7-4132-A749-76C389799F5C}.Release|Any CPU.Build.0 = Release|Any CPU
		{961A20DE-2DCA-400C-A1FA-96A0383FCEDE}.Debug|Any CPU.ActiveCfg = Debug|Any CPU
		{961A20DE-2DCA-400C-A1FA-96A0383FCEDE}.Debug|Any CPU.Build.0 = Debug|Any CPU
		{961A20DE-2DCA-400C-A1FA-96A0383FCEDE}.Release|Any CPU.ActiveCfg = Release|Any CPU
		{961A20DE-2DCA-400C-A1FA-96A0383FCEDE}.Release|Any CPU.Build.0 = Release|Any CPU
		{E3CFB3B7-6643-4BE8-85E7-9D38563DE092}.Debug|Any CPU.ActiveCfg = Debug|Any CPU
		{E3CFB3B7-6643-4BE8-85E7-9D38563DE092}.Debug|Any CPU.Build.0 = Debug|Any CPU
		{E3CFB3B7-6643-4BE8-85E7-9D38563DE092}.Release|Any CPU.ActiveCfg = Release|Any CPU
		{E3CFB3B7-6643-4BE8-85E7-9D38563DE092}.Release|Any CPU.Build.0 = Release|Any CPU
		{6DB1C72C-3B04-427D-99F0-20CF10A3CE1B}.Debug|Any CPU.ActiveCfg = Debug|Any CPU
		{6DB1C72C-3B04-427D-99F0-20CF10A3CE1B}.Debug|Any CPU.Build.0 = Debug|Any CPU
		{6DB1C72C-3B04-427D-99F0-20CF10A3CE1B}.Release|Any CPU.ActiveCfg = Release|Any CPU
		{6DB1C72C-3B04-427D-99F0-20CF10A3CE1B}.Release|Any CPU.Build.0 = Release|Any CPU
		{5E42A422-9D5E-49C2-8794-EC2FCB17360D}.Debug|Any CPU.ActiveCfg = Debug|Any CPU
		{5E42A422-9D5E-49C2-8794-EC2FCB17360D}.Debug|Any CPU.Build.0 = Debug|Any CPU
		{5E42A422-9D5E-49C2-8794-EC2FCB17360D}.Release|Any CPU.ActiveCfg = Release|Any CPU
		{5E42A422-9D5E-49C2-8794-EC2FCB17360D}.Release|Any CPU.Build.0 = Release|Any CPU
		{D7E3870C-D8B1-4B06-8F0D-F827513A2CDD}.Debug|Any CPU.ActiveCfg = Debug|Any CPU
		{D7E3870C-D8B1-4B06-8F0D-F827513A2CDD}.Debug|Any CPU.Build.0 = Debug|Any CPU
		{D7E3870C-D8B1-4B06-8F0D-F827513A2CDD}.Release|Any CPU.ActiveCfg = Release|Any CPU
		{D7E3870C-D8B1-4B06-8F0D-F827513A2CDD}.Release|Any CPU.Build.0 = Release|Any CPU
		{E744D603-651F-4217-9F6D-9DF35F3CB135}.Debug|Any CPU.ActiveCfg = Debug|Any CPU
		{E744D603-651F-4217-9F6D-9DF35F3CB135}.Debug|Any CPU.Build.0 = Debug|Any CPU
		{E744D603-651F-4217-9F6D-9DF35F3CB135}.Release|Any CPU.ActiveCfg = Release|Any CPU
		{E744D603-651F-4217-9F6D-9DF35F3CB135}.Release|Any CPU.Build.0 = Release|Any CPU
		{0BFFF0A6-07D1-4F1D-8F92-3A8EC9B632BA}.Debug|Any CPU.ActiveCfg = Debug|Any CPU
		{0BFFF0A6-07D1-4F1D-8F92-3A8EC9B632BA}.Debug|Any CPU.Build.0 = Debug|Any CPU
		{0BFFF0A6-07D1-4F1D-8F92-3A8EC9B632BA}.Release|Any CPU.ActiveCfg = Release|Any CPU
		{0BFFF0A6-07D1-4F1D-8F92-3A8EC9B632BA}.Release|Any CPU.Build.0 = Release|Any CPU
		{4B422CB1-5D03-42EE-BFA3-1D95500696AC}.Debug|Any CPU.ActiveCfg = Debug|Any CPU
		{4B422CB1-5D03-42EE-BFA3-1D95500696AC}.Debug|Any CPU.Build.0 = Debug|Any CPU
		{4B422CB1-5D03-42EE-BFA3-1D95500696AC}.Release|Any CPU.ActiveCfg = Release|Any CPU
		{4B422CB1-5D03-42EE-BFA3-1D95500696AC}.Release|Any CPU.Build.0 = Release|Any CPU
		{23B36036-97F5-4BED-83F2-71DC896CEADD}.Debug|Any CPU.ActiveCfg = Debug|Any CPU
		{23B36036-97F5-4BED-83F2-71DC896CEADD}.Debug|Any CPU.Build.0 = Debug|Any CPU
		{23B36036-97F5-4BED-83F2-71DC896CEADD}.Release|Any CPU.ActiveCfg = Release|Any CPU
		{23B36036-97F5-4BED-83F2-71DC896CEADD}.Release|Any CPU.Build.0 = Release|Any CPU
		{9DA3393E-600E-4E83-BD8E-7AF4F3E39166}.Debug|Any CPU.ActiveCfg = Debug|Any CPU
		{9DA3393E-600E-4E83-BD8E-7AF4F3E39166}.Debug|Any CPU.Build.0 = Debug|Any CPU
		{9DA3393E-600E-4E83-BD8E-7AF4F3E39166}.Release|Any CPU.ActiveCfg = Release|Any CPU
		{9DA3393E-600E-4E83-BD8E-7AF4F3E39166}.Release|Any CPU.Build.0 = Release|Any CPU
		{B2E71DAB-A295-43AB-A8D8-0185E8FE7D46}.Debug|Any CPU.ActiveCfg = Debug|Any CPU
		{B2E71DAB-A295-43AB-A8D8-0185E8FE7D46}.Debug|Any CPU.Build.0 = Debug|Any CPU
		{B2E71DAB-A295-43AB-A8D8-0185E8FE7D46}.Release|Any CPU.ActiveCfg = Release|Any CPU
		{B2E71DAB-A295-43AB-A8D8-0185E8FE7D46}.Release|Any CPU.Build.0 = Release|Any CPU
		{77217158-B3F0-4CB5-95E4-7FD06C30A844}.Debug|Any CPU.ActiveCfg = Debug|Any CPU
		{77217158-B3F0-4CB5-95E4-7FD06C30A844}.Debug|Any CPU.Build.0 = Debug|Any CPU
		{77217158-B3F0-4CB5-95E4-7FD06C30A844}.Release|Any CPU.ActiveCfg = Release|Any CPU
		{77217158-B3F0-4CB5-95E4-7FD06C30A844}.Release|Any CPU.Build.0 = Release|Any CPU
		{61CBBA55-FF94-463F-9073-A4B6C6E400B8}.Debug|Any CPU.ActiveCfg = Debug|Any CPU
		{61CBBA55-FF94-463F-9073-A4B6C6E400B8}.Debug|Any CPU.Build.0 = Debug|Any CPU
		{61CBBA55-FF94-463F-9073-A4B6C6E400B8}.Release|Any CPU.ActiveCfg = Release|Any CPU
		{61CBBA55-FF94-463F-9073-A4B6C6E400B8}.Release|Any CPU.Build.0 = Release|Any CPU
		{8B1ACF5A-1131-478C-B03F-3850CB4FC075}.Debug|Any CPU.ActiveCfg = Debug|Any CPU
		{8B1ACF5A-1131-478C-B03F-3850CB4FC075}.Debug|Any CPU.Build.0 = Debug|Any CPU
		{8B1ACF5A-1131-478C-B03F-3850CB4FC075}.Release|Any CPU.ActiveCfg = Release|Any CPU
		{8B1ACF5A-1131-478C-B03F-3850CB4FC075}.Release|Any CPU.Build.0 = Release|Any CPU
		{BAF0B55C-7D70-46EC-AEAE-C912D300BAD1}.Debug|Any CPU.ActiveCfg = Debug|Any CPU
		{BAF0B55C-7D70-46EC-AEAE-C912D300BAD1}.Debug|Any CPU.Build.0 = Debug|Any CPU
		{BAF0B55C-7D70-46EC-AEAE-C912D300BAD1}.Release|Any CPU.ActiveCfg = Release|Any CPU
		{BAF0B55C-7D70-46EC-AEAE-C912D300BAD1}.Release|Any CPU.Build.0 = Release|Any CPU
		{D32949E6-B4BE-499C-98DF-95F0032106FD}.Debug|Any CPU.ActiveCfg = Debug|Any CPU
		{D32949E6-B4BE-499C-98DF-95F0032106FD}.Debug|Any CPU.Build.0 = Debug|Any CPU
		{D32949E6-B4BE-499C-98DF-95F0032106FD}.Release|Any CPU.ActiveCfg = Release|Any CPU
		{D32949E6-B4BE-499C-98DF-95F0032106FD}.Release|Any CPU.Build.0 = Release|Any CPU
	EndGlobalSection
	GlobalSection(SolutionProperties) = preSolution
		HideSolutionNode = FALSE
	EndGlobalSection
EndGlobal
