
Microsoft Visual Studio Solution File, Format Version 12.00
# Visual Studio 15
VisualStudioVersion = 15.0.26430.6
MinimumVisualStudioVersion = 10.0.40219.1
Project("{FAE04EC0-301F-11D3-BF4B-00C04F79EFBC}") = "00-判斷年月日", "00-判斷年月日\00-判斷年月日.csproj", "{688C93F1-78FB-4EC3-B903-3BCB9D3BAB84}"
EndProject
Project("{FAE04EC0-301F-11D3-BF4B-00C04F79EFBC}") = "01-While練習", "01-While練習\01-While練習.csproj", "{A410A4F0-060A-4334-8EC8-0F3E4090FC72}"
EndProject
Project("{FAE04EC0-301F-11D3-BF4B-00C04F79EFBC}") = "02-水仙花數", "02-水仙花數\02-水仙花數.csproj", "{006AE32F-C1E7-4132-A749-76C389799F5C}"
EndProject
Project("{FAE04EC0-301F-11D3-BF4B-00C04F79EFBC}") = "03-九九乘法", "03-九九乘法\03-九九乘法.csproj", "{961A20DE-2DCA-400C-A1FA-96A0383FCEDE}"
EndProject
Project("{FAE04EC0-301F-11D3-BF4B-00C04F79EFBC}") = "04-TryParse轉型", "04-TryParse轉型\04-TryParse轉型.csproj", "{E3CFB3B7-6643-4BE8-85E7-9D38563DE092}"
EndProject
Project("{FAE04EC0-301F-11D3-BF4B-00C04F79EFBC}") = "05-質數判斷", "05-質數判斷\05-質數判斷.csproj", "{6DB1C72C-3B04-427D-99F0-20CF10A3CE1B}"
EndProject
Project("{FAE04EC0-301F-11D3-BF4B-00C04F79EFBC}") = "06-樂透", "06-樂透\06-樂透.csproj", "{5E42A422-9D5E-49C2-8794-EC2FCB17360D}"
EndProject
Project("{FAE04EC0-301F-11D3-BF4B-00C04F79EFBC}") = "07-無法改變的常數", "07-無法改變的常數\07-無法改變的常數.csproj", "{D7E3870C-D8B1-4B06-8F0D-F827513A2CDD}"
EndProject
Project("{FAE04EC0-301F-11D3-BF4B-00C04F79EFBC}") = "08-LOL牌位Enum", "08-LOL牌位Enum\08-LOL牌位Enum.csproj", "{E744D603-651F-4217-9F6D-9DF35F3CB135}"
EndProject
Project("{FAE04EC0-301F-11D3-BF4B-00C04F79EFBC}") = "09-結構體Struct", "09-結構體Struct\09-結構體Struct.csproj", "{0BFFF0A6-07D1-4F1D-8F92-3A8EC9B632BA}"
EndProject
Project("{FAE04EC0-301F-11D3-BF4B-00C04F79EFBC}") = "10-另一種陣列初始化", "10-另一種陣列初始化\10-另一種陣列初始化.csproj", "{4B422CB1-5D03-42EE-BFA3-1D95500696AC}"
EndProject
Project("{FAE04EC0-301F-11D3-BF4B-00C04F79EFBC}") = "11-陣列操作", "11-陣列操作\11-陣列操作.csproj", "{23B36036-97F5-4BED-83F2-71DC896CEADD}"
EndProject
Project("{FAE04EC0-301F-11D3-BF4B-00C04F79EFBC}") = "12-氣泡排序法", "12-氣泡排序法\12-氣泡排序法.csproj", "{9DA3393E-600E-4E83-BD8E-7AF4F3E39166}"
EndProject
Project("{FAE04EC0-301F-11D3-BF4B-00C04F79EFBC}") = "13-方法使用及文檔註釋", "13-方法使用及文檔註釋\13-方法使用及文檔註釋.csproj", "{B2E71DAB-A295-43AB-A8D8-0185E8FE7D46}"
EndProject
Project("{FAE04EC0-301F-11D3-BF4B-00C04F79EFBC}") = "14-out參數實作登入提示", "14-out參數實作登入提示\14-out參數實作登入提示.csproj", "{77217158-B3F0-4CB5-95E4-7FD06C30A844}"
EndProject
Project("{FAE04EC0-301F-11D3-BF4B-00C04F79EFBC}") = "15-ref參數實作兩數換位", "15-ref參數實作兩數換位\15-ref參數實作兩數換位.csproj", "{61CBBA55-FF94-463F-9073-A4B6C6E400B8}"
EndProject
Project("{FAE04EC0-301F-11D3-BF4B-00C04F79EFBC}") = "16-函數重載FunctionOverloading", "16-函數重載FunctionOverloading\16-函數重載FunctionOverloading.csproj", "{8B1ACF5A-1131-478C-B03F-3850CB4FC075}"
EndProject
Project("{FAE04EC0-301F-11D3-BF4B-00C04F79EFBC}") = "17-params將數目不定的參數傳送至方法", "17-params將數目不定的參數傳送至方法\17-params將數目不定的參數傳送至方法.csproj", "{BAF0B55C-7D70-46EC-AEAE-C912D300BAD1}"
EndProject
Project("{FAE04EC0-301F-11D3-BF4B-00C04F79EFBC}") = "18-遞迴實作FibonacciNumber", "18-遞迴實作FibonacciNumber\18-遞迴實作FibonacciNumber.csproj", "{D32949E6-B4BE-499C-98DF-95F0032106FD}"
EndProject
Project("{FAE04EC0-301F-11D3-BF4B-00C04F79EFBC}") = "19-兩數間總和", "19-兩數間總和\19-兩數間總和.csproj", "{B8BA034C-F621-4D64-8B4F-007BB6FE6DB9}"
EndProject
Project("{FAE04EC0-301F-11D3-BF4B-00C04F79EFBC}") = "20-Array參數一定是CallByReference", "20-Array參數一定是CallByReference\20-Array參數一定是CallByReference.csproj", "{1AB695F7-91D3-45B8-9B59-22EB5513877E}"
EndProject
Project("{FAE04EC0-301F-11D3-BF4B-00C04F79EFBC}") = "21-開始物件導向", "21-開始物件導向\21-開始物件導向.csproj", "{EE0E50BC-6BCF-4206-B9B7-A9BD3999D686}"
EndProject
Project("{FAE04EC0-301F-11D3-BF4B-00C04F79EFBC}") = "22-解構函數destructor", "22-解構函數destructor\22-解構函數destructor.csproj", "{92E53E2B-B004-48EB-AAF8-6BE803C225CF}"
EndProject
Project("{FAE04EC0-301F-11D3-BF4B-00C04F79EFBC}") = "23-距離計算票價", "23-距離計算票價\23-距離計算票價.csproj", "{7EEFE950-D1B2-4B59-8BD4-4F923392B64D}"
EndProject
Project("{FAE04EC0-301F-11D3-BF4B-00C04F79EFBC}") = "24-參考引用別的專案的類別", "24-參考引用別的專案的類別\24-參考引用別的專案的類別.csproj", "{EFFB4CBE-251D-4E53-ABE6-5757AE3CAD81}"
EndProject
Project("{FAE04EC0-301F-11D3-BF4B-00C04F79EFBC}") = "25-StringBuilder", "25-StringBuilder\25-StringBuilder.csproj", "{E2A9362C-3D2C-418C-B298-0EFE1488F759}"
EndProject
Project("{FAE04EC0-301F-11D3-BF4B-00C04F79EFBC}") = "26-字串操作", "26-字串操作\26-字串操作.csproj", "{79FD445A-15E8-4832-A938-22199EDE3CC9}"
EndProject
Project("{FAE04EC0-301F-11D3-BF4B-00C04F79EFBC}") = "27-繼承", "27-繼承\27-繼承.csproj", "{08CF6ECD-90AC-409B-ADBC-644DEFA588D8}"
EndProject
Project("{FAE04EC0-301F-11D3-BF4B-00C04F79EFBC}") = "28-ArrayList", "28-ArrayList\28-ArrayList.csproj", "{BC8FF160-C62C-47E6-8F0C-783F432A7078}"
EndProject
Project("{FAE04EC0-301F-11D3-BF4B-00C04F79EFBC}") = "29-Hashtable這個是字典嗎", "29-Hashtable這個是字典嗎\29-Hashtable這個是字典嗎.csproj", "{941176AE-56C1-42B4-B49A-11CD698199E4}"
EndProject
Project("{FAE04EC0-301F-11D3-BF4B-00C04F79EFBC}") = "30-List及ArrayList性能比較", "30-List及ArrayList性能比較\30-List及ArrayList性能比較.csproj", "{43826AAF-9DA0-484C-A9DF-0A04F2D07FDE}"
EndProject
Project("{FAE04EC0-301F-11D3-BF4B-00C04F79EFBC}") = "31-Dictionary原來字典是這個", "31-Dictionary原來字典是這個\31-Dictionary原來字典是這個.csproj", "{AB4758B7-6C1D-4C69-8387-0ED2831F7908}"
EndProject
Project("{FAE04EC0-301F-11D3-BF4B-00C04F79EFBC}") = "32-計算一字串中字符出現的數量", "32-計算一字串中字符出現的數量\32-計算一字串中字符出現的數量.csproj", "{5D90993E-95A1-4689-9792-5F319E7B0A09}"
EndProject
Project("{FAE04EC0-301F-11D3-BF4B-00C04F79EFBC}") = "33-多態", "33-多態\33-多態.csproj", "{85767A90-0D4E-4B07-BD3D-A31BFB57148C}"
EndProject
Global
	GlobalSection(SolutionConfigurationPlatforms) = preSolution
		Debug|Any CPU = Debug|Any CPU
		Release|Any CPU = Release|Any CPU
	EndGlobalSection
	GlobalSection(ProjectConfigurationPlatforms) = postSolution
		{688C93F1-78FB-4EC3-B903-3BCB9D3BAB84}.Debug|Any CPU.ActiveCfg = Debug|Any CPU
		{688C93F1-78FB-4EC3-B903-3BCB9D3BAB84}.Debug|Any CPU.Build.0 = Debug|Any CPU
		{688C93F1-78FB-4EC3-B903-3BCB9D3BAB84}.Release|Any CPU.ActiveCfg = Release|Any CPU
		{688C93F1-78FB-4EC3-B903-3BCB9D3BAB84}.Release|Any CPU.Build.0 = Release|Any CPU
		{A410A4F0-060A-4334-8EC8-0F3E4090FC72}.Debug|Any CPU.ActiveCfg = Debug|Any CPU
		{A410A4F0-060A-4334-8EC8-0F3E4090FC72}.Debug|Any CPU.Build.0 = Debug|Any CPU
		{A410A4F0-060A-4334-8EC8-0F3E4090FC72}.Release|Any CPU.ActiveCfg = Release|Any CPU
		{A410A4F0-060A-4334-8EC8-0F3E4090FC72}.Release|Any CPU.Build.0 = Release|Any CPU
		{006AE32F-C1E7-4132-A749-76C389799F5C}.Debug|Any CPU.ActiveCfg = Debug|Any CPU
		{006AE32F-C1E7-4132-A749-76C389799F5C}.Debug|Any CPU.Build.0 = Debug|Any CPU
		{006AE32F-C1E7-4132-A749-76C389799F5C}.Release|Any CPU.ActiveCfg = Release|Any CPU
		{006AE32F-C1E7-4132-A749-76C389799F5C}.Release|Any CPU.Build.0 = Release|Any CPU
		{961A20DE-2DCA-400C-A1FA-96A0383FCEDE}.Debug|Any CPU.ActiveCfg = Debug|Any CPU
		{961A20DE-2DCA-400C-A1FA-96A0383FCEDE}.Debug|Any CPU.Build.0 = Debug|Any CPU
		{961A20DE-2DCA-400C-A1FA-96A0383FCEDE}.Release|Any CPU.ActiveCfg = Release|Any CPU
		{961A20DE-2DCA-400C-A1FA-96A0383FCEDE}.Release|Any CPU.Build.0 = Release|Any CPU
		{E3CFB3B7-6643-4BE8-85E7-9D38563DE092}.Debug|Any CPU.ActiveCfg = Debug|Any CPU
		{E3CFB3B7-6643-4BE8-85E7-9D38563DE092}.Debug|Any CPU.Build.0 = Debug|Any CPU
		{E3CFB3B7-6643-4BE8-85E7-9D38563DE092}.Release|Any CPU.ActiveCfg = Release|Any CPU
		{E3CFB3B7-6643-4BE8-85E7-9D38563DE092}.Release|Any CPU.Build.0 = Release|Any CPU
		{6DB1C72C-3B04-427D-99F0-20CF10A3CE1B}.Debug|Any CPU.ActiveCfg = Debug|Any CPU
		{6DB1C72C-3B04-427D-99F0-20CF10A3CE1B}.Debug|Any CPU.Build.0 = Debug|Any CPU
		{6DB1C72C-3B04-427D-99F0-20CF10A3CE1B}.Release|Any CPU.ActiveCfg = Release|Any CPU
		{6DB1C72C-3B04-427D-99F0-20CF10A3CE1B}.Release|Any CPU.Build.0 = Release|Any CPU
		{5E42A422-9D5E-49C2-8794-EC2FCB17360D}.Debug|Any CPU.ActiveCfg = Debug|Any CPU
		{5E42A422-9D5E-49C2-8794-EC2FCB17360D}.Debug|Any CPU.Build.0 = Debug|Any CPU
		{5E42A422-9D5E-49C2-8794-EC2FCB17360D}.Release|Any CPU.ActiveCfg = Release|Any CPU
		{5E42A422-9D5E-49C2-8794-EC2FCB17360D}.Release|Any CPU.Build.0 = Release|Any CPU
		{D7E3870C-D8B1-4B06-8F0D-F827513A2CDD}.Debug|Any CPU.ActiveCfg = Debug|Any CPU
		{D7E3870C-D8B1-4B06-8F0D-F827513A2CDD}.Debug|Any CPU.Build.0 = Debug|Any CPU
		{D7E3870C-D8B1-4B06-8F0D-F827513A2CDD}.Release|Any CPU.ActiveCfg = Release|Any CPU
		{D7E3870C-D8B1-4B06-8F0D-F827513A2CDD}.Release|Any CPU.Build.0 = Release|Any CPU
		{E744D603-651F-4217-9F6D-9DF35F3CB135}.Debug|Any CPU.ActiveCfg = Debug|Any CPU
		{E744D603-651F-4217-9F6D-9DF35F3CB135}.Debug|Any CPU.Build.0 = Debug|Any CPU
		{E744D603-651F-4217-9F6D-9DF35F3CB135}.Release|Any CPU.ActiveCfg = Release|Any CPU
		{E744D603-651F-4217-9F6D-9DF35F3CB135}.Release|Any CPU.Build.0 = Release|Any CPU
		{0BFFF0A6-07D1-4F1D-8F92-3A8EC9B632BA}.Debug|Any CPU.ActiveCfg = Debug|Any CPU
		{0BFFF0A6-07D1-4F1D-8F92-3A8EC9B632BA}.Debug|Any CPU.Build.0 = Debug|Any CPU
		{0BFFF0A6-07D1-4F1D-8F92-3A8EC9B632BA}.Release|Any CPU.ActiveCfg = Release|Any CPU
		{0BFFF0A6-07D1-4F1D-8F92-3A8EC9B632BA}.Release|Any CPU.Build.0 = Release|Any CPU
		{4B422CB1-5D03-42EE-BFA3-1D95500696AC}.Debug|Any CPU.ActiveCfg = Debug|Any CPU
		{4B422CB1-5D03-42EE-BFA3-1D95500696AC}.Debug|Any CPU.Build.0 = Debug|Any CPU
		{4B422CB1-5D03-42EE-BFA3-1D95500696AC}.Release|Any CPU.ActiveCfg = Release|Any CPU
		{4B422CB1-5D03-42EE-BFA3-1D95500696AC}.Release|Any CPU.Build.0 = Release|Any CPU
		{23B36036-97F5-4BED-83F2-71DC896CEADD}.Debug|Any CPU.ActiveCfg = Debug|Any CPU
		{23B36036-97F5-4BED-83F2-71DC896CEADD}.Debug|Any CPU.Build.0 = Debug|Any CPU
		{23B36036-97F5-4BED-83F2-71DC896CEADD}.Release|Any CPU.ActiveCfg = Release|Any CPU
		{23B36036-97F5-4BED-83F2-71DC896CEADD}.Release|Any CPU.Build.0 = Release|Any CPU
		{9DA3393E-600E-4E83-BD8E-7AF4F3E39166}.Debug|Any CPU.ActiveCfg = Debug|Any CPU
		{9DA3393E-600E-4E83-BD8E-7AF4F3E39166}.Debug|Any CPU.Build.0 = Debug|Any CPU
		{9DA3393E-600E-4E83-BD8E-7AF4F3E39166}.Release|Any CPU.ActiveCfg = Release|Any CPU
		{9DA3393E-600E-4E83-BD8E-7AF4F3E39166}.Release|Any CPU.Build.0 = Release|Any CPU
		{B2E71DAB-A295-43AB-A8D8-0185E8FE7D46}.Debug|Any CPU.ActiveCfg = Debug|Any CPU
		{B2E71DAB-A295-43AB-A8D8-0185E8FE7D46}.Debug|Any CPU.Build.0 = Debug|Any CPU
		{B2E71DAB-A295-43AB-A8D8-0185E8FE7D46}.Release|Any CPU.ActiveCfg = Release|Any CPU
		{B2E71DAB-A295-43AB-A8D8-0185E8FE7D46}.Release|Any CPU.Build.0 = Release|Any CPU
		{77217158-B3F0-4CB5-95E4-7FD06C30A844}.Debug|Any CPU.ActiveCfg = Debug|Any CPU
		{77217158-B3F0-4CB5-95E4-7FD06C30A844}.Debug|Any CPU.Build.0 = Debug|Any CPU
		{77217158-B3F0-4CB5-95E4-7FD06C30A844}.Release|Any CPU.ActiveCfg = Release|Any CPU
		{77217158-B3F0-4CB5-95E4-7FD06C30A844}.Release|Any CPU.Build.0 = Release|Any CPU
		{61CBBA55-FF94-463F-9073-A4B6C6E400B8}.Debug|Any CPU.ActiveCfg = Debug|Any CPU
		{61CBBA55-FF94-463F-9073-A4B6C6E400B8}.Debug|Any CPU.Build.0 = Debug|Any CPU
		{61CBBA55-FF94-463F-9073-A4B6C6E400B8}.Release|Any CPU.ActiveCfg = Release|Any CPU
		{61CBBA55-FF94-463F-9073-A4B6C6E400B8}.Release|Any CPU.Build.0 = Release|Any CPU
		{8B1ACF5A-1131-478C-B03F-3850CB4FC075}.Debug|Any CPU.ActiveCfg = Debug|Any CPU
		{8B1ACF5A-1131-478C-B03F-3850CB4FC075}.Debug|Any CPU.Build.0 = Debug|Any CPU
		{8B1ACF5A-1131-478C-B03F-3850CB4FC075}.Release|Any CPU.ActiveCfg = Release|Any CPU
		{8B1ACF5A-1131-478C-B03F-3850CB4FC075}.Release|Any CPU.Build.0 = Release|Any CPU
		{BAF0B55C-7D70-46EC-AEAE-C912D300BAD1}.Debug|Any CPU.ActiveCfg = Debug|Any CPU
		{BAF0B55C-7D70-46EC-AEAE-C912D300BAD1}.Debug|Any CPU.Build.0 = Debug|Any CPU
		{BAF0B55C-7D70-46EC-AEAE-C912D300BAD1}.Release|Any CPU.ActiveCfg = Release|Any CPU
		{BAF0B55C-7D70-46EC-AEAE-C912D300BAD1}.Release|Any CPU.Build.0 = Release|Any CPU
		{D32949E6-B4BE-499C-98DF-95F0032106FD}.Debug|Any CPU.ActiveCfg = Debug|Any CPU
		{D32949E6-B4BE-499C-98DF-95F0032106FD}.Debug|Any CPU.Build.0 = Debug|Any CPU
		{D32949E6-B4BE-499C-98DF-95F0032106FD}.Release|Any CPU.ActiveCfg = Release|Any CPU
		{D32949E6-B4BE-499C-98DF-95F0032106FD}.Release|Any CPU.Build.0 = Release|Any CPU
		{B8BA034C-F621-4D64-8B4F-007BB6FE6DB9}.Debug|Any CPU.ActiveCfg = Debug|Any CPU
		{B8BA034C-F621-4D64-8B4F-007BB6FE6DB9}.Debug|Any CPU.Build.0 = Debug|Any CPU
		{B8BA034C-F621-4D64-8B4F-007BB6FE6DB9}.Release|Any CPU.ActiveCfg = Release|Any CPU
		{B8BA034C-F621-4D64-8B4F-007BB6FE6DB9}.Release|Any CPU.Build.0 = Release|Any CPU
		{1AB695F7-91D3-45B8-9B59-22EB5513877E}.Debug|Any CPU.ActiveCfg = Debug|Any CPU
		{1AB695F7-91D3-45B8-9B59-22EB5513877E}.Debug|Any CPU.Build.0 = Debug|Any CPU
		{1AB695F7-91D3-45B8-9B59-22EB5513877E}.Release|Any CPU.ActiveCfg = Release|Any CPU
		{1AB695F7-91D3-45B8-9B59-22EB5513877E}.Release|Any CPU.Build.0 = Release|Any CPU
		{EE0E50BC-6BCF-4206-B9B7-A9BD3999D686}.Debug|Any CPU.ActiveCfg = Debug|Any CPU
		{EE0E50BC-6BCF-4206-B9B7-A9BD3999D686}.Debug|Any CPU.Build.0 = Debug|Any CPU
		{EE0E50BC-6BCF-4206-B9B7-A9BD3999D686}.Release|Any CPU.ActiveCfg = Release|Any CPU
		{EE0E50BC-6BCF-4206-B9B7-A9BD3999D686}.Release|Any CPU.Build.0 = Release|Any CPU
		{92E53E2B-B004-48EB-AAF8-6BE803C225CF}.Debug|Any CPU.ActiveCfg = Debug|Any CPU
		{92E53E2B-B004-48EB-AAF8-6BE803C225CF}.Debug|Any CPU.Build.0 = Debug|Any CPU
		{92E53E2B-B004-48EB-AAF8-6BE803C225CF}.Release|Any CPU.ActiveCfg = Release|Any CPU
		{92E53E2B-B004-48EB-AAF8-6BE803C225CF}.Release|Any CPU.Build.0 = Release|Any CPU
		{7EEFE950-D1B2-4B59-8BD4-4F923392B64D}.Debug|Any CPU.ActiveCfg = Debug|Any CPU
		{7EEFE950-D1B2-4B59-8BD4-4F923392B64D}.Debug|Any CPU.Build.0 = Debug|Any CPU
		{7EEFE950-D1B2-4B59-8BD4-4F923392B64D}.Release|Any CPU.ActiveCfg = Release|Any CPU
		{7EEFE950-D1B2-4B59-8BD4-4F923392B64D}.Release|Any CPU.Build.0 = Release|Any CPU
		{EFFB4CBE-251D-4E53-ABE6-5757AE3CAD81}.Debug|Any CPU.ActiveCfg = Debug|Any CPU
		{EFFB4CBE-251D-4E53-ABE6-5757AE3CAD81}.Debug|Any CPU.Build.0 = Debug|Any CPU
		{EFFB4CBE-251D-4E53-ABE6-5757AE3CAD81}.Release|Any CPU.ActiveCfg = Release|Any CPU
		{EFFB4CBE-251D-4E53-ABE6-5757AE3CAD81}.Release|Any CPU.Build.0 = Release|Any CPU
		{E2A9362C-3D2C-418C-B298-0EFE1488F759}.Debug|Any CPU.ActiveCfg = Debug|Any CPU
		{E2A9362C-3D2C-418C-B298-0EFE1488F759}.Debug|Any CPU.Build.0 = Debug|Any CPU
		{E2A9362C-3D2C-418C-B298-0EFE1488F759}.Release|Any CPU.ActiveCfg = Release|Any CPU
		{E2A9362C-3D2C-418C-B298-0EFE1488F759}.Release|Any CPU.Build.0 = Release|Any CPU
		{79FD445A-15E8-4832-A938-22199EDE3CC9}.Debug|Any CPU.ActiveCfg = Debug|Any CPU
		{79FD445A-15E8-4832-A938-22199EDE3CC9}.Debug|Any CPU.Build.0 = Debug|Any CPU
		{79FD445A-15E8-4832-A938-22199EDE3CC9}.Release|Any CPU.ActiveCfg = Release|Any CPU
		{79FD445A-15E8-4832-A938-22199EDE3CC9}.Release|Any CPU.Build.0 = Release|Any CPU
		{08CF6ECD-90AC-409B-ADBC-644DEFA588D8}.Debug|Any CPU.ActiveCfg = Debug|Any CPU
		{08CF6ECD-90AC-409B-ADBC-644DEFA588D8}.Debug|Any CPU.Build.0 = Debug|Any CPU
		{08CF6ECD-90AC-409B-ADBC-644DEFA588D8}.Release|Any CPU.ActiveCfg = Release|Any CPU
		{08CF6ECD-90AC-409B-ADBC-644DEFA588D8}.Release|Any CPU.Build.0 = Release|Any CPU
		{BC8FF160-C62C-47E6-8F0C-783F432A7078}.Debug|Any CPU.ActiveCfg = Debug|Any CPU
		{BC8FF160-C62C-47E6-8F0C-783F432A7078}.Debug|Any CPU.Build.0 = Debug|Any CPU
		{BC8FF160-C62C-47E6-8F0C-783F432A7078}.Release|Any CPU.ActiveCfg = Release|Any CPU
		{BC8FF160-C62C-47E6-8F0C-783F432A7078}.Release|Any CPU.Build.0 = Release|Any CPU
		{941176AE-56C1-42B4-B49A-11CD698199E4}.Debug|Any CPU.ActiveCfg = Debug|Any CPU
		{941176AE-56C1-42B4-B49A-11CD698199E4}.Debug|Any CPU.Build.0 = Debug|Any CPU
		{941176AE-56C1-42B4-B49A-11CD698199E4}.Release|Any CPU.ActiveCfg = Release|Any CPU
		{941176AE-56C1-42B4-B49A-11CD698199E4}.Release|Any CPU.Build.0 = Release|Any CPU
		{43826AAF-9DA0-484C-A9DF-0A04F2D07FDE}.Debug|Any CPU.ActiveCfg = Debug|Any CPU
		{43826AAF-9DA0-484C-A9DF-0A04F2D07FDE}.Debug|Any CPU.Build.0 = Debug|Any CPU
		{43826AAF-9DA0-484C-A9DF-0A04F2D07FDE}.Release|Any CPU.ActiveCfg = Release|Any CPU
		{43826AAF-9DA0-484C-A9DF-0A04F2D07FDE}.Release|Any CPU.Build.0 = Release|Any CPU
		{AB4758B7-6C1D-4C69-8387-0ED2831F7908}.Debug|Any CPU.ActiveCfg = Debug|Any CPU
		{AB4758B7-6C1D-4C69-8387-0ED2831F7908}.Debug|Any CPU.Build.0 = Debug|Any CPU
		{AB4758B7-6C1D-4C69-8387-0ED2831F7908}.Release|Any CPU.ActiveCfg = Release|Any CPU
		{AB4758B7-6C1D-4C69-8387-0ED2831F7908}.Release|Any CPU.Build.0 = Release|Any CPU
		{5D90993E-95A1-4689-9792-5F319E7B0A09}.Debug|Any CPU.ActiveCfg = Debug|Any CPU
		{5D90993E-95A1-4689-9792-5F319E7B0A09}.Debug|Any CPU.Build.0 = Debug|Any CPU
		{5D90993E-95A1-4689-9792-5F319E7B0A09}.Release|Any CPU.ActiveCfg = Release|Any CPU
		{5D90993E-95A1-4689-9792-5F319E7B0A09}.Release|Any CPU.Build.0 = Release|Any CPU
		{85767A90-0D4E-4B07-BD3D-A31BFB57148C}.Debug|Any CPU.ActiveCfg = Debug|Any CPU
		{85767A90-0D4E-4B07-BD3D-A31BFB57148C}.Debug|Any CPU.Build.0 = Debug|Any CPU
		{85767A90-0D4E-4B07-BD3D-A31BFB57148C}.Release|Any CPU.ActiveCfg = Release|Any CPU
		{85767A90-0D4E-4B07-BD3D-A31BFB57148C}.Release|Any CPU.Build.0 = Release|Any CPU
	EndGlobalSection
	GlobalSection(SolutionProperties) = preSolution
		HideSolutionNode = FALSE
	EndGlobalSection
EndGlobal
